
Microsoft Visual Studio Solution File, Format Version 12.00
Project("{2150E333-8FDC-42A3-9474-1A3956D46DE8}") = "1. WebAPI", "1. WebAPI", "{44678647-4813-4A12-9B20-7E9D56C5F98C}"
EndProject
Project("{2150E333-8FDC-42A3-9474-1A3956D46DE8}") = "2. Application", "2. Application", "{D4B9491C-7429-451B-AD1C-5BCC6E5811B6}"
EndProject
Project("{2150E333-8FDC-42A3-9474-1A3956D46DE8}") = "3. Infrastructure", "3. Infrastructure", "{D925F070-8FBD-4873-9D93-309F898C23FD}"
EndProject
Project("{2150E333-8FDC-42A3-9474-1A3956D46DE8}") = "4. Global", "4. Global", "{054F46DC-D8D3-43CC-AA3D-2EF50FFCCB65}"
EndProject
Project("{FAE04EC0-301F-11D3-BF4B-00C04F79EFBC}") = "Licitador.WebAPI", "Licitador.WebAPI\Licitador.WebAPI.csproj", "{05FDFDA7-DF86-47B3-AABD-DA9965AFAFF8}"
EndProject
Project("{FAE04EC0-301F-11D3-BF4B-00C04F79EFBC}") = "Application.Core.DTOs", "Application.Core.DTOs\Application.Core.DTOs.csproj", "{D2E438B6-FE9C-43BD-8CC0-B9F976B08B07}"
EndProject
Project("{FAE04EC0-301F-11D3-BF4B-00C04F79EFBC}") = "Application.Core.Interfaces", "Application.Core.Interfaces\Application.Core.Interfaces.csproj", "{1BC6BF57-338F-4F44-8B7C-2D65871C5559}"
EndProject
Project("{FAE04EC0-301F-11D3-BF4B-00C04F79EFBC}") = "Application.Core.Services", "Application.Core.Services\Application.Core.Services.csproj", "{88E266B7-6C70-48E6-A96C-22EE5C153DC9}"
EndProject
Project("{FAE04EC0-301F-11D3-BF4B-00C04F79EFBC}") = "Infrastructure.Core.Models", "Infrastructure.Core.Models\Infrastructure.Core.Models.csproj", "{37AD9708-10F0-4AD6-920F-87426D34B281}"
EndProject
Project("{FAE04EC0-301F-11D3-BF4B-00C04F79EFBC}") = "Infrastructure.Core.Interfaces", "Infrastructure.Core.Interfaces\Infrastructure.Core.Interfaces.csproj", "{89771874-BA09-4930-8C1F-36246FC67FC1}"
EndProject
Project("{FAE04EC0-301F-11D3-BF4B-00C04F79EFBC}") = "Infrastructure.Core.Services", "Infrastructure.Core.Services\Infrastructure.Core.Services.csproj", "{13C629DD-9031-497A-B12A-D96C513F7D6A}"
EndProject
Project("{FAE04EC0-301F-11D3-BF4B-00C04F79EFBC}") = "Global.Objects", "Global.Objects\Global.Objects.csproj", "{99503ECB-D778-4408-9732-650A5DBB5A08}"
EndProject
Project("{FAE04EC0-301F-11D3-BF4B-00C04F79EFBC}") = "Global.Helpers", "Global.Helpers\Global.Helpers.csproj", "{C6317F9C-9EC8-40D1-957C-44B86D8A6E7F}"
EndProject
Project("{FAE04EC0-301F-11D3-BF4B-00C04F79EFBC}") = "Global.Attributes", "Global.Attributes\Global.Attributes.csproj", "{868FEC99-4BCD-4A22-9D5E-363309C21097}"
EndProject
Global
	GlobalSection(SolutionConfigurationPlatforms) = preSolution
		Debug|Any CPU = Debug|Any CPU
		Release|Any CPU = Release|Any CPU
	EndGlobalSection
	GlobalSection(NestedProjects) = preSolution
		{05FDFDA7-DF86-47B3-AABD-DA9965AFAFF8} = {44678647-4813-4A12-9B20-7E9D56C5F98C}
		{D2E438B6-FE9C-43BD-8CC0-B9F976B08B07} = {D4B9491C-7429-451B-AD1C-5BCC6E5811B6}
		{1BC6BF57-338F-4F44-8B7C-2D65871C5559} = {D4B9491C-7429-451B-AD1C-5BCC6E5811B6}
		{88E266B7-6C70-48E6-A96C-22EE5C153DC9} = {D4B9491C-7429-451B-AD1C-5BCC6E5811B6}
		{37AD9708-10F0-4AD6-920F-87426D34B281} = {D925F070-8FBD-4873-9D93-309F898C23FD}
		{89771874-BA09-4930-8C1F-36246FC67FC1} = {D925F070-8FBD-4873-9D93-309F898C23FD}
		{13C629DD-9031-497A-B12A-D96C513F7D6A} = {D925F070-8FBD-4873-9D93-309F898C23FD}
		{99503ECB-D778-4408-9732-650A5DBB5A08} = {054F46DC-D8D3-43CC-AA3D-2EF50FFCCB65}
		{C6317F9C-9EC8-40D1-957C-44B86D8A6E7F} = {054F46DC-D8D3-43CC-AA3D-2EF50FFCCB65}
		{868FEC99-4BCD-4A22-9D5E-363309C21097} = {054F46DC-D8D3-43CC-AA3D-2EF50FFCCB65}
	EndGlobalSection
	GlobalSection(ProjectConfigurationPlatforms) = postSolution
		{05FDFDA7-DF86-47B3-AABD-DA9965AFAFF8}.Debug|Any CPU.ActiveCfg = Debug|Any CPU
		{05FDFDA7-DF86-47B3-AABD-DA9965AFAFF8}.Debug|Any CPU.Build.0 = Debug|Any CPU
		{05FDFDA7-DF86-47B3-AABD-DA9965AFAFF8}.Release|Any CPU.ActiveCfg = Release|Any CPU
		{05FDFDA7-DF86-47B3-AABD-DA9965AFAFF8}.Release|Any CPU.Build.0 = Release|Any CPU
		{D2E438B6-FE9C-43BD-8CC0-B9F976B08B07}.Debug|Any CPU.ActiveCfg = Debug|Any CPU
		{D2E438B6-FE9C-43BD-8CC0-B9F976B08B07}.Debug|Any CPU.Build.0 = Debug|Any CPU
		{D2E438B6-FE9C-43BD-8CC0-B9F976B08B07}.Release|Any CPU.ActiveCfg = Release|Any CPU
		{D2E438B6-FE9C-43BD-8CC0-B9F976B08B07}.Release|Any CPU.Build.0 = Release|Any CPU
		{1BC6BF57-338F-4F44-8B7C-2D65871C5559}.Debug|Any CPU.ActiveCfg = Debug|Any CPU
		{1BC6BF57-338F-4F44-8B7C-2D65871C5559}.Debug|Any CPU.Build.0 = Debug|Any CPU
		{1BC6BF57-338F-4F44-8B7C-2D65871C5559}.Release|Any CPU.ActiveCfg = Release|Any CPU
		{1BC6BF57-338F-4F44-8B7C-2D65871C5559}.Release|Any CPU.Build.0 = Release|Any CPU
		{88E266B7-6C70-48E6-A96C-22EE5C153DC9}.Debug|Any CPU.ActiveCfg = Debug|Any CPU
		{88E266B7-6C70-48E6-A96C-22EE5C153DC9}.Debug|Any CPU.Build.0 = Debug|Any CPU
		{88E266B7-6C70-48E6-A96C-22EE5C153DC9}.Release|Any CPU.ActiveCfg = Release|Any CPU
		{88E266B7-6C70-48E6-A96C-22EE5C153DC9}.Release|Any CPU.Build.0 = Release|Any CPU
		{37AD9708-10F0-4AD6-920F-87426D34B281}.Debug|Any CPU.ActiveCfg = Debug|Any CPU
		{37AD9708-10F0-4AD6-920F-87426D34B281}.Debug|Any CPU.Build.0 = Debug|Any CPU
		{37AD9708-10F0-4AD6-920F-87426D34B281}.Release|Any CPU.ActiveCfg = Release|Any CPU
		{37AD9708-10F0-4AD6-920F-87426D34B281}.Release|Any CPU.Build.0 = Release|Any CPU
		{89771874-BA09-4930-8C1F-36246FC67FC1}.Debug|Any CPU.ActiveCfg = Debug|Any CPU
		{89771874-BA09-4930-8C1F-36246FC67FC1}.Debug|Any CPU.Build.0 = Debug|Any CPU
		{89771874-BA09-4930-8C1F-36246FC67FC1}.Release|Any CPU.ActiveCfg = Release|Any CPU
		{89771874-BA09-4930-8C1F-36246FC67FC1}.Release|Any CPU.Build.0 = Release|Any CPU
		{13C629DD-9031-497A-B12A-D96C513F7D6A}.Debug|Any CPU.ActiveCfg = Debug|Any CPU
		{13C629DD-9031-497A-B12A-D96C513F7D6A}.Debug|Any CPU.Build.0 = Debug|Any CPU
		{13C629DD-9031-497A-B12A-D96C513F7D6A}.Release|Any CPU.ActiveCfg = Release|Any CPU
		{13C629DD-9031-497A-B12A-D96C513F7D6A}.Release|Any CPU.Build.0 = Release|Any CPU
		{99503ECB-D778-4408-9732-650A5DBB5A08}.Debug|Any CPU.ActiveCfg = Debug|Any CPU
		{99503ECB-D778-4408-9732-650A5DBB5A08}.Debug|Any CPU.Build.0 = Debug|Any CPU
		{99503ECB-D778-4408-9732-650A5DBB5A08}.Release|Any CPU.ActiveCfg = Release|Any CPU
		{99503ECB-D778-4408-9732-650A5DBB5A08}.Release|Any CPU.Build.0 = Release|Any CPU
		{C6317F9C-9EC8-40D1-957C-44B86D8A6E7F}.Debug|Any CPU.ActiveCfg = Debug|Any CPU
		{C6317F9C-9EC8-40D1-957C-44B86D8A6E7F}.Debug|Any CPU.Build.0 = Debug|Any CPU
		{C6317F9C-9EC8-40D1-957C-44B86D8A6E7F}.Release|Any CPU.ActiveCfg = Release|Any CPU
		{C6317F9C-9EC8-40D1-957C-44B86D8A6E7F}.Release|Any CPU.Build.0 = Release|Any CPU
		{868FEC99-4BCD-4A22-9D5E-363309C21097}.Debug|Any CPU.ActiveCfg = Debug|Any CPU
		{868FEC99-4BCD-4A22-9D5E-363309C21097}.Debug|Any CPU.Build.0 = Debug|Any CPU
		{868FEC99-4BCD-4A22-9D5E-363309C21097}.Release|Any CPU.ActiveCfg = Release|Any CPU
		{868FEC99-4BCD-4A22-9D5E-363309C21097}.Release|Any CPU.Build.0 = Release|Any CPU
	EndGlobalSection
EndGlobal
